
Microsoft Visual Studio Solution File, Format Version 12.00
# Visual Studio Version 16
VisualStudioVersion = 16.0.29403.142
MinimumVisualStudioVersion = 10.0.40219.1
Project("{FAE04EC0-301F-11D3-BF4B-00C04F79EFBC}") = "Algorytmy", "Algorytmy\Algorytmy.csproj", "{232A50E3-0969-4954-9C2A-16BFE9AE2C5F}"
EndProject
Global
	GlobalSection(SolutionConfigurationPlatforms) = preSolution
		Debug|Any CPU = Debug|Any CPU
		Release|Any CPU = Release|Any CPU
	EndGlobalSection
	GlobalSection(ProjectConfigurationPlatforms) = postSolution
		{232A50E3-0969-4954-9C2A-16BFE9AE2C5F}.Debug|Any CPU.ActiveCfg = Debug|Any CPU
		{232A50E3-0969-4954-9C2A-16BFE9AE2C5F}.Debug|Any CPU.Build.0 = Debug|Any CPU
		{232A50E3-0969-4954-9C2A-16BFE9AE2C5F}.Release|Any CPU.ActiveCfg = Release|Any CPU
		{232A50E3-0969-4954-9C2A-16BFE9AE2C5F}.Release|Any CPU.Build.0 = Release|Any CPU
	EndGlobalSection
	GlobalSection(SolutionProperties) = preSolution
		HideSolutionNode = FALSE
	EndGlobalSection
	GlobalSection(ExtensibilityGlobals) = postSolution
		SolutionGuid = {0C7FF9C4-B662-43FE-A9A5-4C8A4A412DBA}
	EndGlobalSection
EndGlobal
